// !$*UTF8*$!
{
	archiveVersion = 1;
	classes = {
	};
	objectVersion = 46;
	objects = {

/* Begin PBXBuildFile section */
		BC0F03DA1D627E4200A1230F /* question.csv in Resources */ = {isa = PBXBuildFile; fileRef = BC0F03D91D627E4200A1230F /* question.csv */; };
		BC8D4F9E1D620EBB007F5DE4 /* AppDelegate.swift in Sources */ = {isa = PBXBuildFile; fileRef = BC8D4F9D1D620EBB007F5DE4 /* AppDelegate.swift */; };
		BC8D4FA01D620EBB007F5DE4 /* ViewController.swift in Sources */ = {isa = PBXBuildFile; fileRef = BC8D4F9F1D620EBB007F5DE4 /* ViewController.swift */; };
		BC8D4FA31D620EBB007F5DE4 /* Main.storyboard in Resources */ = {isa = PBXBuildFile; fileRef = BC8D4FA11D620EBB007F5DE4 /* Main.storyboard */; };
		BC8D4FA51D620EBB007F5DE4 /* Assets.xcassets in Resources */ = {isa = PBXBuildFile; fileRef = BC8D4FA41D620EBB007F5DE4 /* Assets.xcassets */; };
		BC8D4FA81D620EBB007F5DE4 /* LaunchScreen.storyboard in Resources */ = {isa = PBXBuildFile; fileRef = BC8D4FA61D620EBB007F5DE4 /* LaunchScreen.storyboard */; };
		BCFADF9F1D62910D009E8380 /* QuestionData.swift in Sources */ = {isa = PBXBuildFile; fileRef = BCFADF9E1D62910D009E8380 /* QuestionData.swift */; };
		BCFADFA11D62964B009E8380 /* QuestionDataManager.swift in Sources */ = {isa = PBXBuildFile; fileRef = BCFADFA01D62964B009E8380 /* QuestionDataManager.swift */; };
		BCFADFA31D629C0E009E8380 /* StartViewController.swift in Sources */ = {isa = PBXBuildFile; fileRef = BCFADFA21D629C0E009E8380 /* StartViewController.swift */; };
		BCFADFA51D629E05009E8380 /* QuestionViewController.swift in Sources */ = {isa = PBXBuildFile; fileRef = BCFADFA41D629E05009E8380 /* QuestionViewController.swift */; };
		BCFADFA71D62AD9F009E8380 /* ResultViewController.swift in Sources */ = {isa = PBXBuildFile; fileRef = BCFADFA61D62AD9F009E8380 /* ResultViewController.swift */; };
/* End PBXBuildFile section */

/* Begin PBXFileReference section */
		BC0F03D91D627E4200A1230F /* question.csv */ = {isa = PBXFileReference; fileEncoding = 4; lastKnownFileType = text; path = question.csv; sourceTree = "<group>"; };
		BC8D4F9A1D620EBB007F5DE4 /* MyQuiz.app */ = {isa = PBXFileReference; explicitFileType = wrapper.application; includeInIndex = 0; path = MyQuiz.app; sourceTree = BUILT_PRODUCTS_DIR; };
		BC8D4F9D1D620EBB007F5DE4 /* AppDelegate.swift */ = {isa = PBXFileReference; lastKnownFileType = sourcecode.swift; path = AppDelegate.swift; sourceTree = "<group>"; };
		BC8D4F9F1D620EBB007F5DE4 /* ViewController.swift */ = {isa = PBXFileReference; lastKnownFileType = sourcecode.swift; path = ViewController.swift; sourceTree = "<group>"; };
		BC8D4FA21D620EBB007F5DE4 /* Base */ = {isa = PBXFileReference; lastKnownFileType = file.storyboard; name = Base; path = Base.lproj/Main.storyboard; sourceTree = "<group>"; };
		BC8D4FA41D620EBB007F5DE4 /* Assets.xcassets */ = {isa = PBXFileReference; lastKnownFileType = folder.assetcatalog; path = Assets.xcassets; sourceTree = "<group>"; };
		BC8D4FA71D620EBB007F5DE4 /* Base */ = {isa = PBXFileReference; lastKnownFileType = file.storyboard; name = Base; path = Base.lproj/LaunchScreen.storyboard; sourceTree = "<group>"; };
		BC8D4FA91D620EBB007F5DE4 /* Info.plist */ = {isa = PBXFileReference; lastKnownFileType = text.plist.xml; path = Info.plist; sourceTree = "<group>"; };
		BCFADF9E1D62910D009E8380 /* QuestionData.swift */ = {isa = PBXFileReference; fileEncoding = 4; lastKnownFileType = sourcecode.swift; path = QuestionData.swift; sourceTree = "<group>"; };
		BCFADFA01D62964B009E8380 /* QuestionDataManager.swift */ = {isa = PBXFileReference; fileEncoding = 4; lastKnownFileType = sourcecode.swift; path = QuestionDataManager.swift; sourceTree = "<group>"; };
		BCFADFA21D629C0E009E8380 /* StartViewController.swift */ = {isa = PBXFileReference; fileEncoding = 4; lastKnownFileType = sourcecode.swift; path = StartViewController.swift; sourceTree = "<group>"; };
		BCFADFA41D629E05009E8380 /* QuestionViewController.swift */ = {isa = PBXFileReference; fileEncoding = 4; lastKnownFileType = sourcecode.swift; path = QuestionViewController.swift; sourceTree = "<group>"; };
		BCFADFA61D62AD9F009E8380 /* ResultViewController.swift */ = {isa = PBXFileReference; fileEncoding = 4; lastKnownFileType = sourcecode.swift; path = ResultViewController.swift; sourceTree = "<group>"; };
/* End PBXFileReference section */

/* Begin PBXFrameworksBuildPhase section */
		BC8D4F971D620EBB007F5DE4 /* Frameworks */ = {
			isa = PBXFrameworksBuildPhase;
			buildActionMask = 2147483647;
			files = (
			);
			runOnlyForDeploymentPostprocessing = 0;
		};
/* End PBXFrameworksBuildPhase section */

/* Begin PBXGroup section */
		BC8D4F911D620EBB007F5DE4 = {
			isa = PBXGroup;
			children = (
				BC8D4F9C1D620EBB007F5DE4 /* MyQuiz */,
				BC8D4F9B1D620EBB007F5DE4 /* Products */,
			);
			sourceTree = "<group>";
		};
		BC8D4F9B1D620EBB007F5DE4 /* Products */ = {
			isa = PBXGroup;
			children = (
				BC8D4F9A1D620EBB007F5DE4 /* MyQuiz.app */,
			);
			name = Products;
			sourceTree = "<group>";
		};
		BC8D4F9C1D620EBB007F5DE4 /* MyQuiz */ = {
			isa = PBXGroup;
			children = (
				BC8D4F9D1D620EBB007F5DE4 /* AppDelegate.swift */,
				BC8D4F9F1D620EBB007F5DE4 /* ViewController.swift */,
				BC8D4FA11D620EBB007F5DE4 /* Main.storyboard */,
				BCFADFA61D62AD9F009E8380 /* ResultViewController.swift */,
				BCFADFA41D629E05009E8380 /* QuestionViewController.swift */,
				BCFADF9E1D62910D009E8380 /* QuestionData.swift */,
				BCFADFA01D62964B009E8380 /* QuestionDataManager.swift */,
				BCFADFA21D629C0E009E8380 /* StartViewController.swift */,
				BC0F03D91D627E4200A1230F /* question.csv */,
				BC8D4FA41D620EBB007F5DE4 /* Assets.xcassets */,
				BC8D4FA61D620EBB007F5DE4 /* LaunchScreen.storyboard */,
				BC8D4FA91D620EBB007F5DE4 /* Info.plist */,
			);
			path = MyQuiz;
			sourceTree = "<group>";
		};
/* End PBXGroup section */

/* Begin PBXNativeTarget section */
		BC8D4F991D620EBB007F5DE4 /* MyQuiz */ = {
			isa = PBXNativeTarget;
			buildConfigurationList = BC8D4FAC1D620EBB007F5DE4 /* Build configuration list for PBXNativeTarget "MyQuiz" */;
			buildPhases = (
				BC8D4F961D620EBB007F5DE4 /* Sources */,
				BC8D4F971D620EBB007F5DE4 /* Frameworks */,
				BC8D4F981D620EBB007F5DE4 /* Resources */,
			);
			buildRules = (
			);
			dependencies = (
			);
			name = MyQuiz;
			productName = MyQuiz;
			productReference = BC8D4F9A1D620EBB007F5DE4 /* MyQuiz.app */;
			productType = "com.apple.product-type.application";
		};
/* End PBXNativeTarget section */

/* Begin PBXProject section */
		BC8D4F921D620EBB007F5DE4 /* Project object */ = {
			isa = PBXProject;
			attributes = {
				LastSwiftUpdateCheck = 0730;
				LastUpgradeCheck = 0730;
				ORGANIZATIONNAME = "稲垣悠一";
				TargetAttributes = {
					BC8D4F991D620EBB007F5DE4 = {
						CreatedOnToolsVersion = 7.3.1;
					};
				};
			};
			buildConfigurationList = BC8D4F951D620EBB007F5DE4 /* Build configuration list for PBXProject "MyQuiz" */;
			compatibilityVersion = "Xcode 3.2";
			developmentRegion = English;
			hasScannedForEncodings = 0;
			knownRegions = (
				en,
				Base,
			);
			mainGroup = BC8D4F911D620EBB007F5DE4;
			productRefGroup = BC8D4F9B1D620EBB007F5DE4 /* Products */;
			projectDirPath = "";
			projectRoot = "";
			targets = (
				BC8D4F991D620EBB007F5DE4 /* MyQuiz */,
			);
		};
/* End PBXProject section */

/* Begin PBXResourcesBuildPhase section */
		BC8D4F981D620EBB007F5DE4 /* Resources */ = {
			isa = PBXResourcesBuildPhase;
			buildActionMask = 2147483647;
			files = (
				BC8D4FA81D620EBB007F5DE4 /* LaunchScreen.storyboard in Resources */,
				BC8D4FA51D620EBB007F5DE4 /* Assets.xcassets in Resources */,
				BC0F03DA1D627E4200A1230F /* question.csv in Resources */,
				BC8D4FA31D620EBB007F5DE4 /* Main.storyboard in Resources */,
			);
			runOnlyForDeploymentPostprocessing = 0;
		};
/* End PBXResourcesBuildPhase section */

/* Begin PBXSourcesBuildPhase section */
		BC8D4F961D620EBB007F5DE4 /* Sources */ = {
			isa = PBXSourcesBuildPhase;
			buildActionMask = 2147483647;
			files = (
				BCFADFA31D629C0E009E8380 /* StartViewController.swift in Sources */,
				BCFADF9F1D62910D009E8380 /* QuestionData.swift in Sources */,
				BCFADFA71D62AD9F009E8380 /* ResultViewController.swift in Sources */,
				BCFADFA51D629E05009E8380 /* QuestionViewController.swift in Sources */,
				BCFADFA11D62964B009E8380 /* QuestionDataManager.swift in Sources */,
				BC8D4FA01D620EBB007F5DE4 /* ViewController.swift in Sources */,
				BC8D4F9E1D620EBB007F5DE4 /* AppDelegate.swift in Sources */,
			);
			runOnlyForDeploymentPostprocessing = 0;
		};
/* End PBXSourcesBuildPhase section */

/* Begin PBXVariantGroup section */
		BC8D4FA11D620EBB007F5DE4 /* Main.storyboard */ = {
			isa = PBXVariantGroup;
			children = (
				BC8D4FA21D620EBB007F5DE4 /* Base */,
			);
			name = Main.storyboard;
			sourceTree = "<group>";
		};
		BC8D4FA61D620EBB007F5DE4 /* LaunchScreen.storyboard */ = {
			isa = PBXVariantGroup;
			children = (
				BC8D4FA71D620EBB007F5DE4 /* Base */,
			);
			name = LaunchScreen.storyboard;
			sourceTree = "<group>";
		};
/* End PBXVariantGroup section */

/* Begin XCBuildConfiguration section */
		BC8D4FAA1D620EBB007F5DE4 /* Debug */ = {
			isa = XCBuildConfiguration;
			buildSettings = {
				ALWAYS_SEARCH_USER_PATHS = NO;
				CLANG_ANALYZER_NONNULL = YES;
				CLANG_CXX_LANGUAGE_STANDARD = "gnu++0x";
				CLANG_CXX_LIBRARY = "libc++";
				CLANG_ENABLE_MODULES = YES;
				CLANG_ENABLE_OBJC_ARC = YES;
				CLANG_WARN_BOOL_CONVERSION = YES;
				CLANG_WARN_CONSTANT_CONVERSION = YES;
				CLANG_WARN_DIRECT_OBJC_ISA_USAGE = YES_ERROR;
				CLANG_WARN_EMPTY_BODY = YES;
				CLANG_WARN_ENUM_CONVERSION = YES;
				CLANG_WARN_INT_CONVERSION = YES;
				CLANG_WARN_OBJC_ROOT_CLASS = YES_ERROR;
				CLANG_WARN_UNREACHABLE_CODE = YES;
				CLANG_WARN__DUPLICATE_METHOD_MATCH = YES;
				"CODE_SIGN_IDENTITY[sdk=iphoneos*]" = "iPhone Developer";
				COPY_PHASE_STRIP = NO;
				DEBUG_INFORMATION_FORMAT = dwarf;
				ENABLE_STRICT_OBJC_MSGSEND = YES;
				ENABLE_TESTABILITY = YES;
				GCC_C_LANGUAGE_STANDARD = gnu99;
				GCC_DYNAMIC_NO_PIC = NO;
				GCC_NO_COMMON_BLOCKS = YES;
				GCC_OPTIMIZATION_LEVEL = 0;
				GCC_PREPROCESSOR_DEFINITIONS = (
					"DEBUG=1",
					"$(inherited)",
				);
				GCC_WARN_64_TO_32_BIT_CONVERSION = YES;
				GCC_WARN_ABOUT_RETURN_TYPE = YES_ERROR;
				GCC_WARN_UNDECLARED_SELECTOR = YES;
				GCC_WARN_UNINITIALIZED_AUTOS = YES_AGGRESSIVE;
				GCC_WARN_UNUSED_FUNCTION = YES;
				GCC_WARN_UNUSED_VARIABLE = YES;
				IPHONEOS_DEPLOYMENT_TARGET = 9.3;
				MTL_ENABLE_DEBUG_INFO = YES;
				ONLY_ACTIVE_ARCH = YES;
				SDKROOT = iphoneos;
				SWIFT_OPTIMIZATION_LEVEL = "-Onone";
			};
			name = Debug;
		};
		BC8D4FAB1D620EBB007F5DE4 /* Release */ = {
			isa = XCBuildConfiguration;
			buildSettings = {
				ALWAYS_SEARCH_USER_PATHS = NO;
				CLANG_ANALYZER_NONNULL = YES;
				CLANG_CXX_LANGUAGE_STANDARD = "gnu++0x";
				CLANG_CXX_LIBRARY = "libc++";
				CLANG_ENABLE_MODULES = YES;
				CLANG_ENABLE_OBJC_ARC = YES;
				CLANG_WARN_BOOL_CONVERSION = YES;
				CLANG_WARN_CONSTANT_CONVERSION = YES;
				CLANG_WARN_DIRECT_OBJC_ISA_USAGE = YES_ERROR;
				CLANG_WARN_EMPTY_BODY = YES;
				CLANG_WARN_ENUM_CONVERSION = YES;
				CLANG_WARN_INT_CONVERSION = YES;
				CLANG_WARN_OBJC_ROOT_CLASS = YES_ERROR;
				CLANG_WARN_UNREACHABLE_CODE = YES;
				CLANG_WARN__DUPLICATE_METHOD_MATCH = YES;
				"CODE_SIGN_IDENTITY[sdk=iphoneos*]" = "iPhone Developer";
				COPY_PHASE_STRIP = NO;
				DEBUG_INFORMATION_FORMAT = "dwarf-with-dsym";
				ENABLE_NS_ASSERTIONS = NO;
				ENABLE_STRICT_OBJC_MSGSEND = YES;
				GCC_C_LANGUAGE_STANDARD = gnu99;
				GCC_NO_COMMON_BLOCKS = YES;
				GCC_WARN_64_TO_32_BIT_CONVERSION = YES;
				GCC_WARN_ABOUT_RETURN_TYPE = YES_ERROR;
				GCC_WARN_UNDECLARED_SELECTOR = YES;
				GCC_WARN_UNINITIALIZED_AUTOS = YES_AGGRESSIVE;
				GCC_WARN_UNUSED_FUNCTION = YES;
				GCC_WARN_UNUSED_VARIABLE = YES;
				IPHONEOS_DEPLOYMENT_TARGET = 9.3;
				MTL_ENABLE_DEBUG_INFO = NO;
				SDKROOT = iphoneos;
				VALIDATE_PRODUCT = YES;
			};
			name = Release;
		};
		BC8D4FAD1D620EBB007F5DE4 /* Debug */ = {
			isa = XCBuildConfiguration;
			buildSettings = {
				ASSETCATALOG_COMPILER_APPICON_NAME = AppIcon;
				INFOPLIST_FILE = MyQuiz/Info.plist;
				LD_RUNPATH_SEARCH_PATHS = "$(inherited) @executable_path/Frameworks";
				PRODUCT_BUNDLE_IDENTIFIER = com.inagaki.MyQuiz;
				PRODUCT_NAME = "$(TARGET_NAME)";
			};
			name = Debug;
		};
		BC8D4FAE1D620EBB007F5DE4 /* Release */ = {
			isa = XCBuildConfiguration;
			buildSettings = {
				ASSETCATALOG_COMPILER_APPICON_NAME = AppIcon;
				INFOPLIST_FILE = MyQuiz/Info.plist;
				LD_RUNPATH_SEARCH_PATHS = "$(inherited) @executable_path/Frameworks";
				PRODUCT_BUNDLE_IDENTIFIER = com.inagaki.MyQuiz;
				PRODUCT_NAME = "$(TARGET_NAME)";
			};
			name = Release;
		};
/* End XCBuildConfiguration section */

/* Begin XCConfigurationList section */
		BC8D4F951D620EBB007F5DE4 /* Build configuration list for PBXProject "MyQuiz" */ = {
			isa = XCConfigurationList;
			buildConfigurations = (
				BC8D4FAA1D620EBB007F5DE4 /* Debug */,
				BC8D4FAB1D620EBB007F5DE4 /* Release */,
			);
			defaultConfigurationIsVisible = 0;
			defaultConfigurationName = Release;
		};
		BC8D4FAC1D620EBB007F5DE4 /* Build configuration list for PBXNativeTarget "MyQuiz" */ = {
			isa = XCConfigurationList;
			buildConfigurations = (
				BC8D4FAD1D620EBB007F5DE4 /* Debug */,
				BC8D4FAE1D620EBB007F5DE4 /* Release */,
			);
			defaultConfigurationIsVisible = 0;
			defaultConfigurationName = Release;
		};
/* End XCConfigurationList section */
	};
	rootObject = BC8D4F921D620EBB007F5DE4 /* Project object */;
}
